{
  "name": "CustomSignIn",
  "version": "0.0.1",
  "lockfileVersion": 1,
  "requires": true,
  "dependencies": {
    "@okta/configuration-validation": {
      "version": "0.4.1",
      "resolved": "https://registry.npmjs.org/@okta/configuration-validation/-/configuration-validation-0.4.1.tgz",
      "integrity": "sha512-p8QcApCSyAXtlyB7p7jXkAkcTedvK9WFkmEduVA3XxQQVs3njxD9vTooFj4+AF6WNRIuGOis/utL7m0BzYkyVw=="
    },
    "@okta/okta-auth-js": {
      "version": "2.8.0",
      "resolved": "https://registry.npmjs.org/@okta/okta-auth-js/-/okta-auth-js-2.8.0.tgz",
      "integrity": "sha512-icXvsoRN9LYw+DIeY1L/R7WRqRGBy5IqSezGp50WjoTufnEV8Ip1Y39Va+2/bZzLam5/LczLGPx7ZxJL2S+Lig==",
      "requires": {
        "Base64": "0.3.0",
        "cross-fetch": "3.0.4",
        "js-cookie": "2.2.0",
        "node-cache": "4.2.1",
        "q": "1.4.1",
        "reqwest": "2.0.5",
        "tiny-emitter": "1.1.0",
        "xhr2": "0.1.3"
      }
    },
    "Base64": {
      "version": "0.3.0",
      "resolved": "https://registry.npmjs.org/Base64/-/Base64-0.3.0.tgz",
      "integrity": "sha1-baJhpOgNT6D1xoQlTlvM0Wu9zp8="
    },
    "clone": {
      "version": "2.1.2",
      "resolved": "https://registry.npmjs.org/clone/-/clone-2.1.2.tgz",
      "integrity": "sha1-G39Ln1kfHo+DZwQBYANFoCiHQ18="
    },
    "cross-fetch": {
      "version": "3.0.4",
      "resolved": "https://registry.npmjs.org/cross-fetch/-/cross-fetch-3.0.4.tgz",
      "integrity": "sha512-MSHgpjQqgbT/94D4CyADeNoYh52zMkCX4pcJvPP5WqPsLFMKjr2TCMg381ox5qI0ii2dPwaLx/00477knXqXVw==",
      "requires": {
        "node-fetch": "2.6.0",
        "whatwg-fetch": "3.0.0"
      }
    },
    "js-cookie": {
      "version": "2.2.0",
      "resolved": "https://registry.npmjs.org/js-cookie/-/js-cookie-2.2.0.tgz",
      "integrity": "sha1-Gywnmm7s44ChIWi5JIUmWzWx7/s="
    },
    "lodash": {
      "version": "4.17.15",
      "resolved": "https://registry.npmjs.org/lodash/-/lodash-4.17.15.tgz",
      "integrity": "sha512-8xOcRHvCjnocdS5cpwXQXVzmmh5e5+saE2QGoeQmbKmRS6J3VQppPOIt0MnmE+4xlZoumy0GPG0D0MVIQbNA1A=="
    },
    "node-cache": {
      "version": "4.2.1",
      "resolved": "https://registry.npmjs.org/node-cache/-/node-cache-4.2.1.tgz",
      "integrity": "sha512-BOb67bWg2dTyax5kdef5WfU3X8xu4wPg+zHzkvls0Q/QpYycIFRLEEIdAx9Wma43DxG6Qzn4illdZoYseKWa4A==",
      "requires": {
        "clone": "2.1.2",
        "lodash": "4.17.15"
      }
    },
    "node-fetch": {
      "version": "2.6.0",
      "resolved": "https://registry.npmjs.org/node-fetch/-/node-fetch-2.6.0.tgz",
      "integrity": "sha512-8dG4H5ujfvFiqDmVu9fQ5bOHUC15JMjMY/Zumv26oOvvVJjM67KF8koCWIabKQ1GJIa9r2mMZscBq/TbdOcmNA=="
    },
    "q": {
      "version": "1.4.1",
      "resolved": "https://registry.npmjs.org/q/-/q-1.4.1.tgz",
      "integrity": "sha1-VXBbzZPF82c1MMLCy8DCs63cKG4="
    },
    "reqwest": {
      "version": "2.0.5",
      "resolved": "https://registry.npmjs.org/reqwest/-/reqwest-2.0.5.tgz",
      "integrity": "sha1-APsVrEkYxBnKgrQ/JMeIguZgOaE="
    },
    "tiny-emitter": {
      "version": "1.1.0",
      "resolved": "https://registry.npmjs.org/tiny-emitter/-/tiny-emitter-1.1.0.tgz",
      "integrity": "sha1-q0BaIf/tgUp2wZc5ZICT1wZU/ss="
    },
    "whatwg-fetch": {
      "version": "3.0.0",
      "resolved": "https://registry.npmjs.org/whatwg-fetch/-/whatwg-fetch-3.0.0.tgz",
      "integrity": "sha512-9GSJUgz1D4MfyKU7KRqwOjXCXTqWdFNvEr7eUBYchQiVc744mqK/MzXPNR2WsPkmkOa4ywfg8C2n8h+13Bey1Q=="
    },
    "xhr2": {
      "version": "0.1.3",
      "resolved": "https://registry.npmjs.org/xhr2/-/xhr2-0.1.3.tgz",
      "integrity": "sha1-y/xHWaabSoiOeM9PILBRA4dXvRE="
    }
  }
}
